
Microsoft Visual Studio Solution File, Format Version 12.00
# Visual Studio Version 16
VisualStudioVersion = 16.0.31515.178
MinimumVisualStudioVersion = 10.0.40219.1
Project("{888888A0-9F3D-457C-B088-3A5042F75D52}") = "CountryCGS", "CountryCGS.pyproj", "{8AE96EA9-D415-42E4-87CB-DB27C948250B}"
EndProject
Global
	GlobalSection(SolutionConfigurationPlatforms) = preSolution
		Debug|Any CPU = Debug|Any CPU
		Release|Any CPU = Release|Any CPU
	EndGlobalSection
	GlobalSection(ProjectConfigurationPlatforms) = postSolution
		{8AE96EA9-D415-42E4-87CB-DB27C948250B}.Debug|Any CPU.ActiveCfg = Debug|Any CPU
		{8AE96EA9-D415-42E4-87CB-DB27C948250B}.Release|Any CPU.ActiveCfg = Release|Any CPU
	EndGlobalSection
	GlobalSection(SolutionProperties) = preSolution
		HideSolutionNode = FALSE
	EndGlobalSection
	GlobalSection(ExtensibilityGlobals) = postSolution
		SolutionGuid = {7E697E61-6513-4A08-A7C6-CECE13ADB675}
	EndGlobalSection
EndGlobal
